
Microsoft Visual Studio Solution File, Format Version 12.00
# Visual Studio Version 17
VisualStudioVersion = 17.5.002.0
MinimumVisualStudioVersion = 10.0.40219.1
Project("{9A19103F-16F7-4668-BE54-9A1E7A4F7556}") = "api", "api\api.csproj", "{C6B8E2A8-DA2D-4115-B5F9-995FDBD1AC1A}"
EndProject
Global
	GlobalSection(SolutionConfigurationPlatforms) = preSolution
		Debug|Any CPU = Debug|Any CPU
		Release|Any CPU = Release|Any CPU
	EndGlobalSection
	GlobalSection(ProjectConfigurationPlatforms) = postSolution
		{C6B8E2A8-DA2D-4115-B5F9-995FDBD1AC1A}.Debug|Any CPU.ActiveCfg = Debug|Any CPU
		{C6B8E2A8-DA2D-4115-B5F9-995FDBD1AC1A}.Debug|Any CPU.Build.0 = Debug|Any CPU
		{C6B8E2A8-DA2D-4115-B5F9-995FDBD1AC1A}.Release|Any CPU.ActiveCfg = Release|Any CPU
		{C6B8E2A8-DA2D-4115-B5F9-995FDBD1AC1A}.Release|Any CPU.Build.0 = Release|Any CPU
	EndGlobalSection
	GlobalSection(SolutionProperties) = preSolution
		HideSolutionNode = FALSE
	EndGlobalSection
	GlobalSection(ExtensibilityGlobals) = postSolution
		SolutionGuid = {61EA5055-DE9F-40D5-B81D-F40A2850FAA4}
	EndGlobalSection
EndGlobal
